
Microsoft Visual Studio Solution File, Format Version 12.00
# Visual Studio Version 17
Project("{2150E333-8FDC-42A3-9474-1A3956D46DE8}") = "CMakePredefinedTargets", "CMakePredefinedTargets", "{31B421B6-5F47-3DC3-9F05-30118F6D612C}"
EndProject
Project("{8BC9CEB8-8B4A-11D0-8D11-00A0C91BC942}") = "ALL_BUILD", "ALL_BUILD.vcxproj", "{EC7878A2-4671-3012-8185-A99DFA050BD1}"
	ProjectSection(ProjectDependencies) = postProject
		{1C728BAC-870D-3938-A370-68EED5FF5BA7} = {1C728BAC-870D-3938-A370-68EED5FF5BA7}
	EndProjectSection
EndProject
Project("{8BC9CEB8-8B4A-11D0-8D11-00A0C91BC942}") = "INSTALL", "INSTALL.vcxproj", "{8A3F737E-4C3B-30B3-BA80-D3D6C00661D3}"
	ProjectSection(ProjectDependencies) = postProject
		{EC7878A2-4671-3012-8185-A99DFA050BD1} = {EC7878A2-4671-3012-8185-A99DFA050BD1}
		{1C728BAC-870D-3938-A370-68EED5FF5BA7} = {1C728BAC-870D-3938-A370-68EED5FF5BA7}
	EndProjectSection
EndProject
Project("{8BC9CEB8-8B4A-11D0-8D11-00A0C91BC942}") = "ZERO_CHECK", "C:\TeamCity\work\938b0bdf6727d1ad\build\temp.win-amd64-cpython-37\Release\ZERO_CHECK.vcxproj", "{1C728BAC-870D-3938-A370-68EED5FF5BA7}"
	ProjectSection(ProjectDependencies) = postProject
	EndProjectSection
EndProject
Global
	GlobalSection(SolutionConfigurationPlatforms) = preSolution
		Debug|x64 = Debug|x64
		Release|x64 = Release|x64
		MinSizeRel|x64 = MinSizeRel|x64
		RelWithDebInfo|x64 = RelWithDebInfo|x64
	EndGlobalSection
	GlobalSection(ProjectConfigurationPlatforms) = postSolution
		{EC7878A2-4671-3012-8185-A99DFA050BD1}.Debug|x64.ActiveCfg = Debug|x64
		{EC7878A2-4671-3012-8185-A99DFA050BD1}.Debug|x64.Build.0 = Debug|x64
		{EC7878A2-4671-3012-8185-A99DFA050BD1}.Release|x64.ActiveCfg = Release|x64
		{EC7878A2-4671-3012-8185-A99DFA050BD1}.Release|x64.Build.0 = Release|x64
		{EC7878A2-4671-3012-8185-A99DFA050BD1}.MinSizeRel|x64.ActiveCfg = MinSizeRel|x64
		{EC7878A2-4671-3012-8185-A99DFA050BD1}.MinSizeRel|x64.Build.0 = MinSizeRel|x64
		{EC7878A2-4671-3012-8185-A99DFA050BD1}.RelWithDebInfo|x64.ActiveCfg = RelWithDebInfo|x64
		{EC7878A2-4671-3012-8185-A99DFA050BD1}.RelWithDebInfo|x64.Build.0 = RelWithDebInfo|x64
		{8A3F737E-4C3B-30B3-BA80-D3D6C00661D3}.Debug|x64.ActiveCfg = Debug|x64
		{8A3F737E-4C3B-30B3-BA80-D3D6C00661D3}.Release|x64.ActiveCfg = Release|x64
		{8A3F737E-4C3B-30B3-BA80-D3D6C00661D3}.MinSizeRel|x64.ActiveCfg = MinSizeRel|x64
		{8A3F737E-4C3B-30B3-BA80-D3D6C00661D3}.RelWithDebInfo|x64.ActiveCfg = RelWithDebInfo|x64
		{1C728BAC-870D-3938-A370-68EED5FF5BA7}.Debug|x64.ActiveCfg = Debug|x64
		{1C728BAC-870D-3938-A370-68EED5FF5BA7}.Debug|x64.Build.0 = Debug|x64
		{1C728BAC-870D-3938-A370-68EED5FF5BA7}.Release|x64.ActiveCfg = Release|x64
		{1C728BAC-870D-3938-A370-68EED5FF5BA7}.Release|x64.Build.0 = Release|x64
		{1C728BAC-870D-3938-A370-68EED5FF5BA7}.MinSizeRel|x64.ActiveCfg = MinSizeRel|x64
		{1C728BAC-870D-3938-A370-68EED5FF5BA7}.MinSizeRel|x64.Build.0 = MinSizeRel|x64
		{1C728BAC-870D-3938-A370-68EED5FF5BA7}.RelWithDebInfo|x64.ActiveCfg = RelWithDebInfo|x64
		{1C728BAC-870D-3938-A370-68EED5FF5BA7}.RelWithDebInfo|x64.Build.0 = RelWithDebInfo|x64
	EndGlobalSection
	GlobalSection(NestedProjects) = preSolution
		{EC7878A2-4671-3012-8185-A99DFA050BD1} = {31B421B6-5F47-3DC3-9F05-30118F6D612C}
		{8A3F737E-4C3B-30B3-BA80-D3D6C00661D3} = {31B421B6-5F47-3DC3-9F05-30118F6D612C}
		{1C728BAC-870D-3938-A370-68EED5FF5BA7} = {31B421B6-5F47-3DC3-9F05-30118F6D612C}
	EndGlobalSection
	GlobalSection(ExtensibilityGlobals) = postSolution
		SolutionGuid = {36215203-F3CF-3ACE-9185-A970454D67F1}
	EndGlobalSection
	GlobalSection(ExtensibilityAddIns) = postSolution
	EndGlobalSection
EndGlobal
