<?xml version="1.0" encoding="utf-8"?>
<Project ToolsVersion="17.0" xmlns="http://schemas.microsoft.com/developer/msbuild/2003">
  <ItemGroup>
    <CustomBuild Include="C:\TeamCity\work\938b0bdf6727d1ad\build\temp.win-amd64-cpython-37\Release\CMakeFiles\da6cb65011f345b434b4a8315067314b\INSTALL_force.rule">
      <Filter>CMake Rules</Filter>
    </CustomBuild>
  </ItemGroup>
  <ItemGroup>
    <Filter Include="CMake Rules">
      <UniqueIdentifier>{C70FA22E-4230-35AC-979C-0B4D0E5FE479}</UniqueIdentifier>
    </Filter>
  </ItemGroup>
</Project>
