# generated by rye
# use `rye lock` or `rye sync` to update this lockfile
#
# last locked with the following flags:
#   pre: false
#   features: []
#   all-features: false
#   with-sources: false
#   generate-hashes: false
#   universal: false

-e file:.
certifi==2024.8.30
    # via requests
charset-normalizer==3.4.0
    # via requests
click==8.1.7
    # via typer
contourpy==1.3.0
    # via matplotlib
cycler==0.12.1
    # via matplotlib
filelock==3.16.1
    # via torch
fonttools==4.54.1
    # via matplotlib
fsspec==2024.9.0
    # via torch
idna==3.10
    # via requests
jinja2==3.1.4
    # via torch
kiwisolver==1.4.7
    # via matplotlib
loguru==0.7.2
    # via crop-people-cli
markdown-it-py==3.0.0
    # via rich
markupsafe==3.0.1
    # via jinja2
matplotlib==3.9.2
    # via seaborn
    # via ultralytics
mdurl==0.1.2
    # via markdown-it-py
mpmath==1.3.0
    # via sympy
networkx==3.4.1
    # via torch
numpy==2.1.2
    # via contourpy
    # via matplotlib
    # via opencv-python
    # via pandas
    # via scipy
    # via seaborn
    # via torchvision
    # via ultralytics
    # via ultralytics-thop
opencv-python==4.10.0.84
    # via crop-people-cli
    # via ultralytics
packaging==24.1
    # via matplotlib
pandas==2.2.3
    # via seaborn
    # via ultralytics
pillow==11.0.0
    # via matplotlib
    # via torchvision
    # via ultralytics
prompt-toolkit==3.0.48
    # via crop-people-cli
psutil==6.0.0
    # via ultralytics
py-cpuinfo==9.0.0
    # via ultralytics
pygments==2.18.0
    # via rich
pyparsing==3.2.0
    # via matplotlib
python-dateutil==2.9.0.post0
    # via matplotlib
    # via pandas
pytz==2024.2
    # via pandas
pyyaml==6.0.2
    # via ultralytics
requests==2.32.3
    # via ultralytics
rich==13.9.2
    # via typer
scipy==1.14.1
    # via ultralytics
seaborn==0.13.2
    # via ultralytics
setuptools==75.2.0
    # via torch
shellingham==1.5.4
    # via typer
six==1.16.0
    # via python-dateutil
sympy==1.13.3
    # via torch
torch==2.4.1
    # via torchvision
    # via ultralytics
    # via ultralytics-thop
torchvision==0.19.1
    # via ultralytics
tqdm==4.66.5
    # via ultralytics
typer==0.12.5
    # via crop-people-cli
typing-extensions==4.12.2
    # via torch
    # via typer
tzdata==2024.2
    # via pandas
ultralytics==8.3.14
    # via crop-people-cli
ultralytics-thop==2.0.9
    # via ultralytics
urllib3==2.2.3
    # via requests
wcwidth==0.2.13
    # via prompt-toolkit
