# generated by rye
# use `rye lock` or `rye sync` to update this lockfile
#
# last locked with the following flags:
#   pre: false
#   features: []
#   all-features: false
#   with-sources: false
#   generate-hashes: false
#   universal: false

-e file:.
annotated-types==0.7.0
    # via pydantic
asgiref==3.8.1
    # via django
dj-database-url==2.2.0
    # via dj-pydantic-settings
django==5.1.2
    # via dj-database-url
pydantic==2.9.2
    # via pydantic-settings
pydantic-core==2.23.4
    # via pydantic
pydantic-settings==2.5.2
    # via dj-pydantic-settings
python-dotenv==1.0.1
    # via pydantic-settings
sqlparse==0.5.1
    # via django
typing-extensions==4.12.2
    # via dj-database-url
    # via pydantic
    # via pydantic-core
tzdata==2024.2
    # via django
