<?xml version="1.0" encoding="utf-8"?>
<Project ToolsVersion="17.0" xmlns="http://schemas.microsoft.com/developer/msbuild/2003">
  <ItemGroup>
    <CustomBuild Include="C:\TeamCity\work\938b0bdf6727d1ad\build\temp.win32-cpython-37\Release\CMakeFiles\84e57f5d41aab7f2e2670440ca06a1e6\INSTALL_force.rule">
      <Filter>CMake Rules</Filter>
    </CustomBuild>
  </ItemGroup>
  <ItemGroup>
    <Filter Include="CMake Rules">
      <UniqueIdentifier>{24C1B661-04DF-3D81-8FC6-2DA339DFFA1D}</UniqueIdentifier>
    </Filter>
  </ItemGroup>
</Project>
